
Microsoft Visual Studio Solution File, Format Version 12.00
# Visual Studio 15
VisualStudioVersion = 15.0.26228.12
MinimumVisualStudioVersion = 10.0.40219.1
Project("{FAE04EC0-301F-11D3-BF4B-00C04F79EFBC}") = "CompBalloon", "CompBalloon\CompBalloon.csproj", "{CE293DBE-D76A-4F24-A086-42051996698D}"
EndProject
Global
	GlobalSection(SolutionConfigurationPlatforms) = preSolution
		Debug|Any CPU = Debug|Any CPU
		Release|Any CPU = Release|Any CPU
	EndGlobalSection
	GlobalSection(ProjectConfigurationPlatforms) = postSolution
		{05E24FAB-C6BF-43B5-BF69-B92AA38338CA}.Debug|Any CPU.ActiveCfg = Debug|Any CPU
		{05E24FAB-C6BF-43B5-BF69-B92AA38338CA}.Debug|Any CPU.Build.0 = Debug|Any CPU
		{05E24FAB-C6BF-43B5-BF69-B92AA38338CA}.Release|Any CPU.ActiveCfg = Release|Any CPU
		{05E24FAB-C6BF-43B5-BF69-B92AA38338CA}.Release|Any CPU.Build.0 = Release|Any CPU
	EndGlobalSection
	GlobalSection(SolutionProperties) = preSolution
		HideSolutionNode = FALSE
	EndGlobalSection
EndGlobal
