
Microsoft Visual Studio Solution File, Format Version 12.00
# Visual Studio Version 17
VisualStudioVersion = 17.1.32210.238
MinimumVisualStudioVersion = 10.0.40219.1
Project("{9A19103F-16F7-4668-BE54-9A1E7A4F7556}") = "CompAbilityUser", "AllModdingComponents\CompAbilityUser\CompAbilityUser.csproj", "{417B8649-7A66-4580-8C75-473E46DA9C7A}"
EndProject
Project("{9A19103F-16F7-4668-BE54-9A1E7A4F7556}") = "CompActivatableEffect", "AllModdingComponents\CompActivatableEffect\CompActivatableEffect.csproj", "{EC1AEA45-45FE-4A6A-A835-81B289E03BC9}"
EndProject
Project("{9A19103F-16F7-4668-BE54-9A1E7A4F7556}") = "CompDeflector", "AllModdingComponents\CompDeflector\CompDeflector.csproj", "{4A2FA470-0CA5-442B-B04D-2C4A62859CA7}"
EndProject
Project("{9A19103F-16F7-4668-BE54-9A1E7A4F7556}") = "CompExtraSounds", "AllModdingComponents\CompExtraSounds\CompExtraSounds.csproj", "{05E24FAB-C6BF-43B5-BF69-B92AA38338CA}"
EndProject
Project("{9A19103F-16F7-4668-BE54-9A1E7A4F7556}") = "CompLumbering", "AllModdingComponents\CompLumbering\CompLumbering.csproj", "{CF56EA3A-AEC6-4817-BF46-A886FBEAA49B}"
EndProject
Project("{9A19103F-16F7-4668-BE54-9A1E7A4F7556}") = "CompOversizedWeapon", "AllModdingComponents\CompOversizedWeapon\CompOversizedWeapon.csproj", "{08E20D0E-4493-4DFE-9212-DEC323F26E89}"
EndProject
Project("{9A19103F-16F7-4668-BE54-9A1E7A4F7556}") = "CompSlotLoadable", "AllModdingComponents\CompSlotLoadable\CompSlotLoadable.csproj", "{6EC26D07-B5A0-4075-8919-3B05AF74CE87}"
EndProject
Project("{9A19103F-16F7-4668-BE54-9A1E7A4F7556}") = "CompInstalledPart", "AllModdingComponents\CompInstalledPart\CompInstalledPart.csproj", "{6ADE9377-5108-4C79-A3E8-034A7EBCC37F}"
EndProject
Project("{9A19103F-16F7-4668-BE54-9A1E7A4F7556}") = "CompToggleDef", "AllModdingComponents\CompToggleDef\CompToggleDef.csproj", "{9BECA870-0C2F-4F40-BEA1-6E99D68F9EDF}"
EndProject
Project("{9A19103F-16F7-4668-BE54-9A1E7A4F7556}") = "JecsTools", "AllModdingComponents\JecsTools\JecsTools.csproj", "{106BF102-0379-41CF-9C5D-E21AAC5F051B}"
EndProject
Project("{9A19103F-16F7-4668-BE54-9A1E7A4F7556}") = "CompDelayedSpawner", "AllModdingComponents\CompDelayedSpawner\CompDelayedSpawner.csproj", "{4074F652-2FDA-41D0-A631-F6C83A2351F1}"
EndProject
Project("{9A19103F-16F7-4668-BE54-9A1E7A4F7556}") = "AbilityUserAI", "AllModdingComponents\AbilityUserAI\AbilityUserAI.csproj", "{4FC16277-5CB6-4A78-90FB-27F09888708A}"
EndProject
Project("{9A19103F-16F7-4668-BE54-9A1E7A4F7556}") = "CompOverlays", "AllModdingComponents\CompOverlays\CompOverlays.csproj", "{947FF025-5DE9-4475-8779-4E9B02D06FB7}"
EndProject
Project("{9A19103F-16F7-4668-BE54-9A1E7A4F7556}") = "CompAnimated", "AllModdingComponents\CompAnimated\CompAnimated.csproj", "{29E2AEA4-3154-42DF-87CF-AEAFF042F2E0}"
EndProject
Project("{9A19103F-16F7-4668-BE54-9A1E7A4F7556}") = "PawnShields", "AllModdingComponents\PawnShields\PawnShields.csproj", "{9A3BF1D4-6693-481F-BBF1-3D66AFD8BE6C}"
EndProject
Project("{9A19103F-16F7-4668-BE54-9A1E7A4F7556}") = "CompBalloon", "AllModdingComponents\CompBalloon\CompBalloon.csproj", "{CE293DBE-D76A-4F24-A086-42051996698D}"
EndProject
Project("{9A19103F-16F7-4668-BE54-9A1E7A4F7556}") = "ThinkNodes", "AllModdingComponents\ThinkNodes\ThinkNodes.csproj", "{D7D21B4A-1DA7-41D8-B202-C58CA8FA62AA}"
EndProject
Project("{9A19103F-16F7-4668-BE54-9A1E7A4F7556}") = "DefModExtension_BigBox", "AllModdingComponents\CompBigBox\DefModExtension_BigBox.csproj", "{CB5B70DA-38FB-4C54-A816-7112CA045235}"
EndProject
Project("{2150E333-8FDC-42A3-9474-1A3956D46DE8}") = "Solution Items", "Solution Items", "{866CC95E-EC26-49B1-8E5C-2D312BE4BDC3}"
	ProjectSection(SolutionItems) = preProject
		.editorconfig = .editorconfig
		AllModdingComponents\Directory.Build.props = AllModdingComponents\Directory.Build.props
	EndProjectSection
EndProject
Project("{D954291E-2A0B-460D-934E-DC6B0785DB48}") = "!Shared", "Shared\!Shared.shproj", "{C30579D1-0532-46B4-98CE-FA5CEFA87A43}"
EndProject
Global
	GlobalSection(SharedMSBuildProjectFiles) = preSolution
		Shared\!Shared.projitems*{c30579d1-0532-46b4-98ce-fa5cefa87a43}*SharedItemsImports = 13
	EndGlobalSection
	GlobalSection(SolutionConfigurationPlatforms) = preSolution
		RW1.3|Any CPU = RW1.3|Any CPU
		RW1.3Unstable|Any CPU = RW1.3Unstable|Any CPU
		RW1.4|Any CPU = RW1.4|Any CPU
		RW1.4Unstable|Any CPU = RW1.4Unstable|Any CPU
	EndGlobalSection
	GlobalSection(ProjectConfigurationPlatforms) = postSolution
		{417B8649-7A66-4580-8C75-473E46DA9C7A}.RW1.3|Any CPU.ActiveCfg = RW1.3|Any CPU
		{417B8649-7A66-4580-8C75-473E46DA9C7A}.RW1.3|Any CPU.Build.0 = RW1.3|Any CPU
		{417B8649-7A66-4580-8C75-473E46DA9C7A}.RW1.3Unstable|Any CPU.ActiveCfg = RW1.3Unstable|Any CPU
		{417B8649-7A66-4580-8C75-473E46DA9C7A}.RW1.3Unstable|Any CPU.Build.0 = RW1.3Unstable|Any CPU
		{417B8649-7A66-4580-8C75-473E46DA9C7A}.RW1.4|Any CPU.ActiveCfg = RW1.4|Any CPU
		{417B8649-7A66-4580-8C75-473E46DA9C7A}.RW1.4|Any CPU.Build.0 = RW1.4|Any CPU
		{417B8649-7A66-4580-8C75-473E46DA9C7A}.RW1.4Unstable|Any CPU.ActiveCfg = RW1.4Unstable|Any CPU
		{417B8649-7A66-4580-8C75-473E46DA9C7A}.RW1.4Unstable|Any CPU.Build.0 = RW1.4Unstable|Any CPU
		{EC1AEA45-45FE-4A6A-A835-81B289E03BC9}.RW1.3|Any CPU.ActiveCfg = RW1.3|Any CPU
		{EC1AEA45-45FE-4A6A-A835-81B289E03BC9}.RW1.3|Any CPU.Build.0 = RW1.3|Any CPU
		{EC1AEA45-45FE-4A6A-A835-81B289E03BC9}.RW1.3Unstable|Any CPU.ActiveCfg = RW1.3Unstable|Any CPU
		{EC1AEA45-45FE-4A6A-A835-81B289E03BC9}.RW1.3Unstable|Any CPU.Build.0 = RW1.3Unstable|Any CPU
		{EC1AEA45-45FE-4A6A-A835-81B289E03BC9}.RW1.4|Any CPU.ActiveCfg = RW1.4|Any CPU
		{EC1AEA45-45FE-4A6A-A835-81B289E03BC9}.RW1.4|Any CPU.Build.0 = RW1.4|Any CPU
		{EC1AEA45-45FE-4A6A-A835-81B289E03BC9}.RW1.4Unstable|Any CPU.ActiveCfg = RW1.4Unstable|Any CPU
		{EC1AEA45-45FE-4A6A-A835-81B289E03BC9}.RW1.4Unstable|Any CPU.Build.0 = RW1.4Unstable|Any CPU
		{4A2FA470-0CA5-442B-B04D-2C4A62859CA7}.RW1.3|Any CPU.ActiveCfg = RW1.3|Any CPU
		{4A2FA470-0CA5-442B-B04D-2C4A62859CA7}.RW1.3|Any CPU.Build.0 = RW1.3|Any CPU
		{4A2FA470-0CA5-442B-B04D-2C4A62859CA7}.RW1.3Unstable|Any CPU.ActiveCfg = RW1.3Unstable|Any CPU
		{4A2FA470-0CA5-442B-B04D-2C4A62859CA7}.RW1.3Unstable|Any CPU.Build.0 = RW1.3Unstable|Any CPU
		{4A2FA470-0CA5-442B-B04D-2C4A62859CA7}.RW1.4|Any CPU.ActiveCfg = RW1.4|Any CPU
		{4A2FA470-0CA5-442B-B04D-2C4A62859CA7}.RW1.4|Any CPU.Build.0 = RW1.4|Any CPU
		{4A2FA470-0CA5-442B-B04D-2C4A62859CA7}.RW1.4Unstable|Any CPU.ActiveCfg = RW1.4Unstable|Any CPU
		{4A2FA470-0CA5-442B-B04D-2C4A62859CA7}.RW1.4Unstable|Any CPU.Build.0 = RW1.4Unstable|Any CPU
		{05E24FAB-C6BF-43B5-BF69-B92AA38338CA}.RW1.3|Any CPU.ActiveCfg = RW1.3|Any CPU
		{05E24FAB-C6BF-43B5-BF69-B92AA38338CA}.RW1.3|Any CPU.Build.0 = RW1.3|Any CPU
		{05E24FAB-C6BF-43B5-BF69-B92AA38338CA}.RW1.3Unstable|Any CPU.ActiveCfg = RW1.3Unstable|Any CPU
		{05E24FAB-C6BF-43B5-BF69-B92AA38338CA}.RW1.3Unstable|Any CPU.Build.0 = RW1.3Unstable|Any CPU
		{05E24FAB-C6BF-43B5-BF69-B92AA38338CA}.RW1.4|Any CPU.ActiveCfg = RW1.4|Any CPU
		{05E24FAB-C6BF-43B5-BF69-B92AA38338CA}.RW1.4|Any CPU.Build.0 = RW1.4|Any CPU
		{05E24FAB-C6BF-43B5-BF69-B92AA38338CA}.RW1.4Unstable|Any CPU.ActiveCfg = RW1.4Unstable|Any CPU
		{05E24FAB-C6BF-43B5-BF69-B92AA38338CA}.RW1.4Unstable|Any CPU.Build.0 = RW1.4Unstable|Any CPU
		{CF56EA3A-AEC6-4817-BF46-A886FBEAA49B}.RW1.3|Any CPU.ActiveCfg = RW1.3|Any CPU
		{CF56EA3A-AEC6-4817-BF46-A886FBEAA49B}.RW1.3|Any CPU.Build.0 = RW1.3|Any CPU
		{CF56EA3A-AEC6-4817-BF46-A886FBEAA49B}.RW1.3Unstable|Any CPU.ActiveCfg = RW1.3Unstable|Any CPU
		{CF56EA3A-AEC6-4817-BF46-A886FBEAA49B}.RW1.3Unstable|Any CPU.Build.0 = RW1.3Unstable|Any CPU
		{CF56EA3A-AEC6-4817-BF46-A886FBEAA49B}.RW1.4|Any CPU.ActiveCfg = RW1.4|Any CPU
		{CF56EA3A-AEC6-4817-BF46-A886FBEAA49B}.RW1.4|Any CPU.Build.0 = RW1.4|Any CPU
		{CF56EA3A-AEC6-4817-BF46-A886FBEAA49B}.RW1.4Unstable|Any CPU.ActiveCfg = RW1.4Unstable|Any CPU
		{CF56EA3A-AEC6-4817-BF46-A886FBEAA49B}.RW1.4Unstable|Any CPU.Build.0 = RW1.4Unstable|Any CPU
		{08E20D0E-4493-4DFE-9212-DEC323F26E89}.RW1.3|Any CPU.ActiveCfg = RW1.3|Any CPU
		{08E20D0E-4493-4DFE-9212-DEC323F26E89}.RW1.3|Any CPU.Build.0 = RW1.3|Any CPU
		{08E20D0E-4493-4DFE-9212-DEC323F26E89}.RW1.3Unstable|Any CPU.ActiveCfg = RW1.3Unstable|Any CPU
		{08E20D0E-4493-4DFE-9212-DEC323F26E89}.RW1.3Unstable|Any CPU.Build.0 = RW1.3Unstable|Any CPU
		{08E20D0E-4493-4DFE-9212-DEC323F26E89}.RW1.4|Any CPU.ActiveCfg = RW1.4|Any CPU
		{08E20D0E-4493-4DFE-9212-DEC323F26E89}.RW1.4|Any CPU.Build.0 = RW1.4|Any CPU
		{08E20D0E-4493-4DFE-9212-DEC323F26E89}.RW1.4Unstable|Any CPU.ActiveCfg = RW1.4Unstable|Any CPU
		{08E20D0E-4493-4DFE-9212-DEC323F26E89}.RW1.4Unstable|Any CPU.Build.0 = RW1.4Unstable|Any CPU
		{6EC26D07-B5A0-4075-8919-3B05AF74CE87}.RW1.3|Any CPU.ActiveCfg = RW1.3|Any CPU
		{6EC26D07-B5A0-4075-8919-3B05AF74CE87}.RW1.3|Any CPU.Build.0 = RW1.3|Any CPU
		{6EC26D07-B5A0-4075-8919-3B05AF74CE87}.RW1.3Unstable|Any CPU.ActiveCfg = RW1.3Unstable|Any CPU
		{6EC26D07-B5A0-4075-8919-3B05AF74CE87}.RW1.3Unstable|Any CPU.Build.0 = RW1.3Unstable|Any CPU
		{6EC26D07-B5A0-4075-8919-3B05AF74CE87}.RW1.4|Any CPU.ActiveCfg = RW1.4|Any CPU
		{6EC26D07-B5A0-4075-8919-3B05AF74CE87}.RW1.4|Any CPU.Build.0 = RW1.4|Any CPU
		{6EC26D07-B5A0-4075-8919-3B05AF74CE87}.RW1.4Unstable|Any CPU.ActiveCfg = RW1.4Unstable|Any CPU
		{6EC26D07-B5A0-4075-8919-3B05AF74CE87}.RW1.4Unstable|Any CPU.Build.0 = RW1.4Unstable|Any CPU
		{6ADE9377-5108-4C79-A3E8-034A7EBCC37F}.RW1.3|Any CPU.ActiveCfg = RW1.3|Any CPU
		{6ADE9377-5108-4C79-A3E8-034A7EBCC37F}.RW1.3|Any CPU.Build.0 = RW1.3|Any CPU
		{6ADE9377-5108-4C79-A3E8-034A7EBCC37F}.RW1.3Unstable|Any CPU.ActiveCfg = RW1.3Unstable|Any CPU
		{6ADE9377-5108-4C79-A3E8-034A7EBCC37F}.RW1.3Unstable|Any CPU.Build.0 = RW1.3Unstable|Any CPU
		{6ADE9377-5108-4C79-A3E8-034A7EBCC37F}.RW1.4|Any CPU.ActiveCfg = RW1.4|Any CPU
		{6ADE9377-5108-4C79-A3E8-034A7EBCC37F}.RW1.4|Any CPU.Build.0 = RW1.4|Any CPU
		{6ADE9377-5108-4C79-A3E8-034A7EBCC37F}.RW1.4Unstable|Any CPU.ActiveCfg = RW1.4Unstable|Any CPU
		{6ADE9377-5108-4C79-A3E8-034A7EBCC37F}.RW1.4Unstable|Any CPU.Build.0 = RW1.4Unstable|Any CPU
		{9BECA870-0C2F-4F40-BEA1-6E99D68F9EDF}.RW1.3|Any CPU.ActiveCfg = RW1.3|Any CPU
		{9BECA870-0C2F-4F40-BEA1-6E99D68F9EDF}.RW1.3|Any CPU.Build.0 = RW1.3|Any CPU
		{9BECA870-0C2F-4F40-BEA1-6E99D68F9EDF}.RW1.3Unstable|Any CPU.ActiveCfg = RW1.3Unstable|Any CPU
		{9BECA870-0C2F-4F40-BEA1-6E99D68F9EDF}.RW1.3Unstable|Any CPU.Build.0 = RW1.3Unstable|Any CPU
		{9BECA870-0C2F-4F40-BEA1-6E99D68F9EDF}.RW1.4|Any CPU.ActiveCfg = RW1.3Unstable|Any CPU
		{9BECA870-0C2F-4F40-BEA1-6E99D68F9EDF}.RW1.4|Any CPU.Build.0 = RW1.3Unstable|Any CPU
		{9BECA870-0C2F-4F40-BEA1-6E99D68F9EDF}.RW1.4Unstable|Any CPU.ActiveCfg = RW1.4Unstable|Any CPU
		{9BECA870-0C2F-4F40-BEA1-6E99D68F9EDF}.RW1.4Unstable|Any CPU.Build.0 = RW1.4Unstable|Any CPU
		{106BF102-0379-41CF-9C5D-E21AAC5F051B}.RW1.3|Any CPU.ActiveCfg = RW1.3|Any CPU
		{106BF102-0379-41CF-9C5D-E21AAC5F051B}.RW1.3|Any CPU.Build.0 = RW1.3|Any CPU
		{106BF102-0379-41CF-9C5D-E21AAC5F051B}.RW1.3Unstable|Any CPU.ActiveCfg = RW1.3Unstable|Any CPU
		{106BF102-0379-41CF-9C5D-E21AAC5F051B}.RW1.3Unstable|Any CPU.Build.0 = RW1.3Unstable|Any CPU
		{106BF102-0379-41CF-9C5D-E21AAC5F051B}.RW1.4|Any CPU.ActiveCfg = RW1.3Unstable|Any CPU
		{106BF102-0379-41CF-9C5D-E21AAC5F051B}.RW1.4|Any CPU.Build.0 = RW1.3Unstable|Any CPU
		{106BF102-0379-41CF-9C5D-E21AAC5F051B}.RW1.4Unstable|Any CPU.ActiveCfg = RW1.4Unstable|Any CPU
		{106BF102-0379-41CF-9C5D-E21AAC5F051B}.RW1.4Unstable|Any CPU.Build.0 = RW1.4Unstable|Any CPU
		{4074F652-2FDA-41D0-A631-F6C83A2351F1}.RW1.3|Any CPU.ActiveCfg = RW1.3|Any CPU
		{4074F652-2FDA-41D0-A631-F6C83A2351F1}.RW1.3|Any CPU.Build.0 = RW1.3|Any CPU
		{4074F652-2FDA-41D0-A631-F6C83A2351F1}.RW1.3Unstable|Any CPU.ActiveCfg = RW1.3Unstable|Any CPU
		{4074F652-2FDA-41D0-A631-F6C83A2351F1}.RW1.3Unstable|Any CPU.Build.0 = RW1.3Unstable|Any CPU
		{4074F652-2FDA-41D0-A631-F6C83A2351F1}.RW1.4|Any CPU.ActiveCfg = RW1.4|Any CPU
		{4074F652-2FDA-41D0-A631-F6C83A2351F1}.RW1.4|Any CPU.Build.0 = RW1.4|Any CPU
		{4074F652-2FDA-41D0-A631-F6C83A2351F1}.RW1.4Unstable|Any CPU.ActiveCfg = RW1.4Unstable|Any CPU
		{4074F652-2FDA-41D0-A631-F6C83A2351F1}.RW1.4Unstable|Any CPU.Build.0 = RW1.4Unstable|Any CPU
		{4FC16277-5CB6-4A78-90FB-27F09888708A}.RW1.3|Any CPU.ActiveCfg = RW1.3|Any CPU
		{4FC16277-5CB6-4A78-90FB-27F09888708A}.RW1.3|Any CPU.Build.0 = RW1.3|Any CPU
		{4FC16277-5CB6-4A78-90FB-27F09888708A}.RW1.3Unstable|Any CPU.ActiveCfg = RW1.3Unstable|Any CPU
		{4FC16277-5CB6-4A78-90FB-27F09888708A}.RW1.3Unstable|Any CPU.Build.0 = RW1.3Unstable|Any CPU
		{4FC16277-5CB6-4A78-90FB-27F09888708A}.RW1.4|Any CPU.ActiveCfg = RW1.4|Any CPU
		{4FC16277-5CB6-4A78-90FB-27F09888708A}.RW1.4|Any CPU.Build.0 = RW1.4|Any CPU
		{4FC16277-5CB6-4A78-90FB-27F09888708A}.RW1.4Unstable|Any CPU.ActiveCfg = RW1.4Unstable|Any CPU
		{4FC16277-5CB6-4A78-90FB-27F09888708A}.RW1.4Unstable|Any CPU.Build.0 = RW1.4Unstable|Any CPU
		{947FF025-5DE9-4475-8779-4E9B02D06FB7}.RW1.3|Any CPU.ActiveCfg = RW1.3|Any CPU
		{947FF025-5DE9-4475-8779-4E9B02D06FB7}.RW1.3|Any CPU.Build.0 = RW1.3|Any CPU
		{947FF025-5DE9-4475-8779-4E9B02D06FB7}.RW1.3Unstable|Any CPU.ActiveCfg = RW1.3Unstable|Any CPU
		{947FF025-5DE9-4475-8779-4E9B02D06FB7}.RW1.3Unstable|Any CPU.Build.0 = RW1.3Unstable|Any CPU
		{947FF025-5DE9-4475-8779-4E9B02D06FB7}.RW1.4|Any CPU.ActiveCfg = RW1.4|Any CPU
		{947FF025-5DE9-4475-8779-4E9B02D06FB7}.RW1.4|Any CPU.Build.0 = RW1.4|Any CPU
		{947FF025-5DE9-4475-8779-4E9B02D06FB7}.RW1.4Unstable|Any CPU.ActiveCfg = RW1.4Unstable|Any CPU
		{947FF025-5DE9-4475-8779-4E9B02D06FB7}.RW1.4Unstable|Any CPU.Build.0 = RW1.4Unstable|Any CPU
		{29E2AEA4-3154-42DF-87CF-AEAFF042F2E0}.RW1.3|Any CPU.ActiveCfg = RW1.3|Any CPU
		{29E2AEA4-3154-42DF-87CF-AEAFF042F2E0}.RW1.3|Any CPU.Build.0 = RW1.3|Any CPU
		{29E2AEA4-3154-42DF-87CF-AEAFF042F2E0}.RW1.3Unstable|Any CPU.ActiveCfg = RW1.3Unstable|Any CPU
		{29E2AEA4-3154-42DF-87CF-AEAFF042F2E0}.RW1.3Unstable|Any CPU.Build.0 = RW1.3Unstable|Any CPU
		{29E2AEA4-3154-42DF-87CF-AEAFF042F2E0}.RW1.4|Any CPU.ActiveCfg = RW1.4|Any CPU
		{29E2AEA4-3154-42DF-87CF-AEAFF042F2E0}.RW1.4|Any CPU.Build.0 = RW1.4|Any CPU
		{29E2AEA4-3154-42DF-87CF-AEAFF042F2E0}.RW1.4Unstable|Any CPU.ActiveCfg = RW1.4Unstable|Any CPU
		{29E2AEA4-3154-42DF-87CF-AEAFF042F2E0}.RW1.4Unstable|Any CPU.Build.0 = RW1.4Unstable|Any CPU
		{9A3BF1D4-6693-481F-BBF1-3D66AFD8BE6C}.RW1.3|Any CPU.ActiveCfg = RW1.3|Any CPU
		{9A3BF1D4-6693-481F-BBF1-3D66AFD8BE6C}.RW1.3|Any CPU.Build.0 = RW1.3|Any CPU
		{9A3BF1D4-6693-481F-BBF1-3D66AFD8BE6C}.RW1.3Unstable|Any CPU.ActiveCfg = RW1.3Unstable|Any CPU
		{9A3BF1D4-6693-481F-BBF1-3D66AFD8BE6C}.RW1.3Unstable|Any CPU.Build.0 = RW1.3Unstable|Any CPU
		{9A3BF1D4-6693-481F-BBF1-3D66AFD8BE6C}.RW1.4|Any CPU.ActiveCfg = RW1.3Unstable|Any CPU
		{9A3BF1D4-6693-481F-BBF1-3D66AFD8BE6C}.RW1.4|Any CPU.Build.0 = RW1.3Unstable|Any CPU
		{9A3BF1D4-6693-481F-BBF1-3D66AFD8BE6C}.RW1.4Unstable|Any CPU.ActiveCfg = RW1.4Unstable|Any CPU
		{9A3BF1D4-6693-481F-BBF1-3D66AFD8BE6C}.RW1.4Unstable|Any CPU.Build.0 = RW1.4Unstable|Any CPU
		{CE293DBE-D76A-4F24-A086-42051996698D}.RW1.3|Any CPU.ActiveCfg = RW1.3|Any CPU
		{CE293DBE-D76A-4F24-A086-42051996698D}.RW1.3|Any CPU.Build.0 = RW1.3|Any CPU
		{CE293DBE-D76A-4F24-A086-42051996698D}.RW1.3Unstable|Any CPU.ActiveCfg = RW1.3Unstable|Any CPU
		{CE293DBE-D76A-4F24-A086-42051996698D}.RW1.3Unstable|Any CPU.Build.0 = RW1.3Unstable|Any CPU
		{CE293DBE-D76A-4F24-A086-42051996698D}.RW1.4|Any CPU.ActiveCfg = RW1.4|Any CPU
		{CE293DBE-D76A-4F24-A086-42051996698D}.RW1.4|Any CPU.Build.0 = RW1.4|Any CPU
		{CE293DBE-D76A-4F24-A086-42051996698D}.RW1.4Unstable|Any CPU.ActiveCfg = RW1.4Unstable|Any CPU
		{CE293DBE-D76A-4F24-A086-42051996698D}.RW1.4Unstable|Any CPU.Build.0 = RW1.4Unstable|Any CPU
		{D7D21B4A-1DA7-41D8-B202-C58CA8FA62AA}.RW1.3|Any CPU.ActiveCfg = RW1.3|Any CPU
		{D7D21B4A-1DA7-41D8-B202-C58CA8FA62AA}.RW1.3|Any CPU.Build.0 = RW1.3|Any CPU
		{D7D21B4A-1DA7-41D8-B202-C58CA8FA62AA}.RW1.3Unstable|Any CPU.ActiveCfg = RW1.3Unstable|Any CPU
		{D7D21B4A-1DA7-41D8-B202-C58CA8FA62AA}.RW1.3Unstable|Any CPU.Build.0 = RW1.3Unstable|Any CPU
		{D7D21B4A-1DA7-41D8-B202-C58CA8FA62AA}.RW1.4|Any CPU.ActiveCfg = RW1.3Unstable|Any CPU
		{D7D21B4A-1DA7-41D8-B202-C58CA8FA62AA}.RW1.4|Any CPU.Build.0 = RW1.3Unstable|Any CPU
		{D7D21B4A-1DA7-41D8-B202-C58CA8FA62AA}.RW1.4Unstable|Any CPU.ActiveCfg = RW1.4Unstable|Any CPU
		{D7D21B4A-1DA7-41D8-B202-C58CA8FA62AA}.RW1.4Unstable|Any CPU.Build.0 = RW1.4Unstable|Any CPU
		{CB5B70DA-38FB-4C54-A816-7112CA045235}.RW1.3|Any CPU.ActiveCfg = RW1.3|Any CPU
		{CB5B70DA-38FB-4C54-A816-7112CA045235}.RW1.3|Any CPU.Build.0 = RW1.3|Any CPU
		{CB5B70DA-38FB-4C54-A816-7112CA045235}.RW1.3Unstable|Any CPU.ActiveCfg = RW1.3Unstable|Any CPU
		{CB5B70DA-38FB-4C54-A816-7112CA045235}.RW1.3Unstable|Any CPU.Build.0 = RW1.3Unstable|Any CPU
		{CB5B70DA-38FB-4C54-A816-7112CA045235}.RW1.4|Any CPU.ActiveCfg = RW1.3Unstable|Any CPU
		{CB5B70DA-38FB-4C54-A816-7112CA045235}.RW1.4|Any CPU.Build.0 = RW1.3Unstable|Any CPU
		{CB5B70DA-38FB-4C54-A816-7112CA045235}.RW1.4Unstable|Any CPU.ActiveCfg = RW1.4Unstable|Any CPU
		{CB5B70DA-38FB-4C54-A816-7112CA045235}.RW1.4Unstable|Any CPU.Build.0 = RW1.4Unstable|Any CPU
	EndGlobalSection
	GlobalSection(SolutionProperties) = preSolution
		HideSolutionNode = FALSE
	EndGlobalSection
	GlobalSection(ExtensibilityGlobals) = postSolution
		SolutionGuid = {3B2E7643-26CC-403B-B61C-EAEB6734264E}
	EndGlobalSection
EndGlobal
